
Microsoft Visual Studio Solution File, Format Version 12.00
# Visual Studio Version 17
VisualStudioVersion = 17.1.32210.238
MinimumVisualStudioVersion = 10.0.40219.1
Project("{FAE04EC0-301F-11D3-BF4B-00C04F79EFBC}") = "PlaywrightSingleFilePathError", "PlaywrightSingleFilePathError.csproj", "{9BA8785B-DF7A-4282-8CB3-0FF2A9A1F621}"
EndProject
Project("{2150E333-8FDC-42A3-9474-1A3956D46DE8}") = "Solution Items", "Solution Items", "{0F876E26-A717-46FF-8186-58515000E740}"
	ProjectSection(SolutionItems) = preProject
		README.md = README.md
	EndProjectSection
EndProject
Global
	GlobalSection(SolutionConfigurationPlatforms) = preSolution
		Debug|Any CPU = Debug|Any CPU
		Release|Any CPU = Release|Any CPU
	EndGlobalSection
	GlobalSection(ProjectConfigurationPlatforms) = postSolution
		{9BA8785B-DF7A-4282-8CB3-0FF2A9A1F621}.Debug|Any CPU.ActiveCfg = Debug|Any CPU
		{9BA8785B-DF7A-4282-8CB3-0FF2A9A1F621}.Debug|Any CPU.Build.0 = Debug|Any CPU
		{9BA8785B-DF7A-4282-8CB3-0FF2A9A1F621}.Release|Any CPU.ActiveCfg = Release|Any CPU
		{9BA8785B-DF7A-4282-8CB3-0FF2A9A1F621}.Release|Any CPU.Build.0 = Release|Any CPU
	EndGlobalSection
	GlobalSection(SolutionProperties) = preSolution
		HideSolutionNode = FALSE
	EndGlobalSection
	GlobalSection(ExtensibilityGlobals) = postSolution
		SolutionGuid = {8D1D517A-DDFE-46C8-84A1-48D46D9B072B}
	EndGlobalSection
EndGlobal
